// !$*UTF8*$!
{
	archiveVersion = 1;
	classes = {
	};
	objectVersion = 46;
	objects = {

/* Begin PBXBuildFile section */
		EB7FEC971F0CFB5C0057B030 /* AppDelegate.swift in Sources */ = {isa = PBXBuildFile; fileRef = EB7FEC961F0CFB5C0057B030 /* AppDelegate.swift */; };
		EB7FEC991F0CFB5D0057B030 /* ViewController.swift in Sources */ = {isa = PBXBuildFile; fileRef = EB7FEC981F0CFB5D0057B030 /* ViewController.swift */; };
		EB7FEC9C1F0CFB5D0057B030 /* Main.storyboard in Resources */ = {isa = PBXBuildFile; fileRef = EB7FEC9A1F0CFB5D0057B030 /* Main.storyboard */; };
		EB7FEC9E1F0CFB5E0057B030 /* Assets.xcassets in Resources */ = {isa = PBXBuildFile; fileRef = EB7FEC9D1F0CFB5D0057B030 /* Assets.xcassets */; };
		EB7FECA11F0CFB5E0057B030 /* LaunchScreen.storyboard in Resources */ = {isa = PBXBuildFile; fileRef = EB7FEC9F1F0CFB5E0057B030 /* LaunchScreen.storyboard */; };
		EB7FECAC1F0CFB5E0057B030 /* UberUX_CopiedTests.swift in Sources */ = {isa = PBXBuildFile; fileRef = EB7FECAB1F0CFB5E0057B030 /* UberUX_CopiedTests.swift */; };
		EB7FECB71F0CFB5F0057B030 /* UberUX_CopiedUITests.swift in Sources */ = {isa = PBXBuildFile; fileRef = EB7FECB61F0CFB5F0057B030 /* UberUX_CopiedUITests.swift */; };
/* End PBXBuildFile section */

/* Begin PBXContainerItemProxy section */
		EB7FECA81F0CFB5E0057B030 /* PBXContainerItemProxy */ = {
			isa = PBXContainerItemProxy;
			containerPortal = EB7FEC8B1F0CFB5C0057B030 /* Project object */;
			proxyType = 1;
			remoteGlobalIDString = EB7FEC921F0CFB5C0057B030;
			remoteInfo = "UberUX Copied";
		};
		EB7FECB31F0CFB5F0057B030 /* PBXContainerItemProxy */ = {
			isa = PBXContainerItemProxy;
			containerPortal = EB7FEC8B1F0CFB5C0057B030 /* Project object */;
			proxyType = 1;
			remoteGlobalIDString = EB7FEC921F0CFB5C0057B030;
			remoteInfo = "UberUX Copied";
		};
/* End PBXContainerItemProxy section */

/* Begin PBXFileReference section */
		EB7FEC931F0CFB5C0057B030 /* UberUX Copied.app */ = {isa = PBXFileReference; explicitFileType = wrapper.application; includeInIndex = 0; path = "UberUX Copied.app"; sourceTree = BUILT_PRODUCTS_DIR; };
		EB7FEC961F0CFB5C0057B030 /* AppDelegate.swift */ = {isa = PBXFileReference; lastKnownFileType = sourcecode.swift; path = AppDelegate.swift; sourceTree = "<group>"; };
		EB7FEC981F0CFB5D0057B030 /* ViewController.swift */ = {isa = PBXFileReference; lastKnownFileType = sourcecode.swift; path = ViewController.swift; sourceTree = "<group>"; };
		EB7FEC9B1F0CFB5D0057B030 /* Base */ = {isa = PBXFileReference; lastKnownFileType = file.storyboard; name = Base; path = Base.lproj/Main.storyboard; sourceTree = "<group>"; };
		EB7FEC9D1F0CFB5D0057B030 /* Assets.xcassets */ = {isa = PBXFileReference; lastKnownFileType = folder.assetcatalog; path = Assets.xcassets; sourceTree = "<group>"; };
		EB7FECA01F0CFB5E0057B030 /* Base */ = {isa = PBXFileReference; lastKnownFileType = file.storyboard; name = Base; path = Base.lproj/LaunchScreen.storyboard; sourceTree = "<group>"; };
		EB7FECA21F0CFB5E0057B030 /* Info.plist */ = {isa = PBXFileReference; lastKnownFileType = text.plist.xml; path = Info.plist; sourceTree = "<group>"; };
		EB7FECA71F0CFB5E0057B030 /* UberUX CopiedTests.xctest */ = {isa = PBXFileReference; explicitFileType = wrapper.cfbundle; includeInIndex = 0; path = "UberUX CopiedTests.xctest"; sourceTree = BUILT_PRODUCTS_DIR; };
		EB7FECAB1F0CFB5E0057B030 /* UberUX_CopiedTests.swift */ = {isa = PBXFileReference; lastKnownFileType = sourcecode.swift; path = UberUX_CopiedTests.swift; sourceTree = "<group>"; };
		EB7FECAD1F0CFB5F0057B030 /* Info.plist */ = {isa = PBXFileReference; lastKnownFileType = text.plist.xml; path = Info.plist; sourceTree = "<group>"; };
		EB7FECB21F0CFB5F0057B030 /* UberUX CopiedUITests.xctest */ = {isa = PBXFileReference; explicitFileType = wrapper.cfbundle; includeInIndex = 0; path = "UberUX CopiedUITests.xctest"; sourceTree = BUILT_PRODUCTS_DIR; };
		EB7FECB61F0CFB5F0057B030 /* UberUX_CopiedUITests.swift */ = {isa = PBXFileReference; lastKnownFileType = sourcecode.swift; path = UberUX_CopiedUITests.swift; sourceTree = "<group>"; };
		EB7FECB81F0CFB5F0057B030 /* Info.plist */ = {isa = PBXFileReference; lastKnownFileType = text.plist.xml; path = Info.plist; sourceTree = "<group>"; };
/* End PBXFileReference section */

/* Begin PBXFrameworksBuildPhase section */
		EB7FEC901F0CFB5C0057B030 /* Frameworks */ = {
			isa = PBXFrameworksBuildPhase;
			buildActionMask = 2147483647;
			files = (
			);
			runOnlyForDeploymentPostprocessing = 0;
		};
		EB7FECA41F0CFB5E0057B030 /* Frameworks */ = {
			isa = PBXFrameworksBuildPhase;
			buildActionMask = 2147483647;
			files = (
			);
			runOnlyForDeploymentPostprocessing = 0;
		};
		EB7FECAF1F0CFB5F0057B030 /* Frameworks */ = {
			isa = PBXFrameworksBuildPhase;
			buildActionMask = 2147483647;
			files = (
			);
			runOnlyForDeploymentPostprocessing = 0;
		};
/* End PBXFrameworksBuildPhase section */

/* Begin PBXGroup section */
		EB7FEC8A1F0CFB5C0057B030 = {
			isa = PBXGroup;
			children = (
				EB7FEC951F0CFB5C0057B030 /* UberUX Copied */,
				EB7FECAA1F0CFB5E0057B030 /* UberUX CopiedTests */,
				EB7FECB51F0CFB5F0057B030 /* UberUX CopiedUITests */,
				EB7FEC941F0CFB5C0057B030 /* Products */,
			);
			sourceTree = "<group>";
		};
		EB7FEC941F0CFB5C0057B030 /* Products */ = {
			isa = PBXGroup;
			children = (
				EB7FEC931F0CFB5C0057B030 /* UberUX Copied.app */,
				EB7FECA71F0CFB5E0057B030 /* UberUX CopiedTests.xctest */,
				EB7FECB21F0CFB5F0057B030 /* UberUX CopiedUITests.xctest */,
			);
			name = Products;
			sourceTree = "<group>";
		};
		EB7FEC951F0CFB5C0057B030 /* UberUX Copied */ = {
			isa = PBXGroup;
			children = (
				EB7FEC961F0CFB5C0057B030 /* AppDelegate.swift */,
				EB7FEC981F0CFB5D0057B030 /* ViewController.swift */,
				EB7FEC9A1F0CFB5D0057B030 /* Main.storyboard */,
				EB7FEC9D1F0CFB5D0057B030 /* Assets.xcassets */,
				EB7FEC9F1F0CFB5E0057B030 /* LaunchScreen.storyboard */,
				EB7FECA21F0CFB5E0057B030 /* Info.plist */,
			);
			path = "UberUX Copied";
			sourceTree = "<group>";
		};
		EB7FECAA1F0CFB5E0057B030 /* UberUX CopiedTests */ = {
			isa = PBXGroup;
			children = (
				EB7FECAB1F0CFB5E0057B030 /* UberUX_CopiedTests.swift */,
				EB7FECAD1F0CFB5F0057B030 /* Info.plist */,
			);
			path = "UberUX CopiedTests";
			sourceTree = "<group>";
		};
		EB7FECB51F0CFB5F0057B030 /* UberUX CopiedUITests */ = {
			isa = PBXGroup;
			children = (
				EB7FECB61F0CFB5F0057B030 /* UberUX_CopiedUITests.swift */,
				EB7FECB81F0CFB5F0057B030 /* Info.plist */,
			);
			path = "UberUX CopiedUITests";
			sourceTree = "<group>";
		};
/* End PBXGroup section */

/* Begin PBXNativeTarget section */
		EB7FEC921F0CFB5C0057B030 /* UberUX Copied */ = {
			isa = PBXNativeTarget;
			buildConfigurationList = EB7FECBB1F0CFB5F0057B030 /* Build configuration list for PBXNativeTarget "UberUX Copied" */;
			buildPhases = (
				EB7FEC8F1F0CFB5C0057B030 /* Sources */,
				EB7FEC901F0CFB5C0057B030 /* Frameworks */,
				EB7FEC911F0CFB5C0057B030 /* Resources */,
			);
			buildRules = (
			);
			dependencies = (
			);
			name = "UberUX Copied";
			productName = "UberUX Copied";
			productReference = EB7FEC931F0CFB5C0057B030 /* UberUX Copied.app */;
			productType = "com.apple.product-type.application";
		};
		EB7FECA61F0CFB5E0057B030 /* UberUX CopiedTests */ = {
			isa = PBXNativeTarget;
			buildConfigurationList = EB7FECBE1F0CFB5F0057B030 /* Build configuration list for PBXNativeTarget "UberUX CopiedTests" */;
			buildPhases = (
				EB7FECA31F0CFB5E0057B030 /* Sources */,
				EB7FECA41F0CFB5E0057B030 /* Frameworks */,
				EB7FECA51F0CFB5E0057B030 /* Resources */,
			);
			buildRules = (
			);
			dependencies = (
				EB7FECA91F0CFB5E0057B030 /* PBXTargetDependency */,
			);
			name = "UberUX CopiedTests";
			productName = "UberUX CopiedTests";
			productReference = EB7FECA71F0CFB5E0057B030 /* UberUX CopiedTests.xctest */;
			productType = "com.apple.product-type.bundle.unit-test";
		};
		EB7FECB11F0CFB5F0057B030 /* UberUX CopiedUITests */ = {
			isa = PBXNativeTarget;
			buildConfigurationList = EB7FECC11F0CFB5F0057B030 /* Build configuration list for PBXNativeTarget "UberUX CopiedUITests" */;
			buildPhases = (
				EB7FECAE1F0CFB5F0057B030 /* Sources */,
				EB7FECAF1F0CFB5F0057B030 /* Frameworks */,
				EB7FECB01F0CFB5F0057B030 /* Resources */,
			);
			buildRules = (
			);
			dependencies = (
				EB7FECB41F0CFB5F0057B030 /* PBXTargetDependency */,
			);
			name = "UberUX CopiedUITests";
			productName = "UberUX CopiedUITests";
			productReference = EB7FECB21F0CFB5F0057B030 /* UberUX CopiedUITests.xctest */;
			productType = "com.apple.product-type.bundle.ui-testing";
		};
/* End PBXNativeTarget section */

/* Begin PBXProject section */
		EB7FEC8B1F0CFB5C0057B030 /* Project object */ = {
			isa = PBXProject;
			attributes = {
				LastSwiftUpdateCheck = 0830;
				LastUpgradeCheck = 0830;
				ORGANIZATIONNAME = none;
				TargetAttributes = {
					EB7FEC921F0CFB5C0057B030 = {
						CreatedOnToolsVersion = 8.3.2;
						DevelopmentTeam = UUTE6PZ56K;
						ProvisioningStyle = Automatic;
					};
					EB7FECA61F0CFB5E0057B030 = {
						CreatedOnToolsVersion = 8.3.2;
						DevelopmentTeam = UUTE6PZ56K;
						ProvisioningStyle = Automatic;
						TestTargetID = EB7FEC921F0CFB5C0057B030;
					};
					EB7FECB11F0CFB5F0057B030 = {
						CreatedOnToolsVersion = 8.3.2;
						DevelopmentTeam = UUTE6PZ56K;
						ProvisioningStyle = Automatic;
						TestTargetID = EB7FEC921F0CFB5C0057B030;
					};
				};
			};
			buildConfigurationList = EB7FEC8E1F0CFB5C0057B030 /* Build configuration list for PBXProject "UberUX Copied" */;
			compatibilityVersion = "Xcode 3.2";
			developmentRegion = English;
			hasScannedForEncodings = 0;
			knownRegions = (
				en,
				Base,
			);
			mainGroup = EB7FEC8A1F0CFB5C0057B030;
			productRefGroup = EB7FEC941F0CFB5C0057B030 /* Products */;
			projectDirPath = "";
			projectRoot = "";
			targets = (
				EB7FEC921F0CFB5C0057B030 /* UberUX Copied */,
				EB7FECA61F0CFB5E0057B030 /* UberUX CopiedTests */,
				EB7FECB11F0CFB5F0057B030 /* UberUX CopiedUITests */,
			);
		};
/* End PBXProject section */

/* Begin PBXResourcesBuildPhase section */
		EB7FEC911F0CFB5C0057B030 /* Resources */ = {
			isa = PBXResourcesBuildPhase;
			buildActionMask = 2147483647;
			files = (
				EB7FECA11F0CFB5E0057B030 /* LaunchScreen.storyboard in Resources */,
				EB7FEC9E1F0CFB5E0057B030 /* Assets.xcassets in Resources */,
				EB7FEC9C1F0CFB5D0057B030 /* Main.storyboard in Resources */,
			);
			runOnlyForDeploymentPostprocessing = 0;
		};
		EB7FECA51F0CFB5E0057B030 /* Resources */ = {
			isa = PBXResourcesBuildPhase;
			buildActionMask = 2147483647;
			files = (
			);
			runOnlyForDeploymentPostprocessing = 0;
		};
		EB7FECB01F0CFB5F0057B030 /* Resources */ = {
			isa = PBXResourcesBuildPhase;
			buildActionMask = 2147483647;
			files = (
			);
			runOnlyForDeploymentPostprocessing = 0;
		};
/* End PBXResourcesBuildPhase section */

/* Begin PBXSourcesBuildPhase section */
		EB7FEC8F1F0CFB5C0057B030 /* Sources */ = {
			isa = PBXSourcesBuildPhase;
			buildActionMask = 2147483647;
			files = (
				EB7FEC991F0CFB5D0057B030 /* ViewController.swift in Sources */,
				EB7FEC971F0CFB5C0057B030 /* AppDelegate.swift in Sources */,
			);
			runOnlyForDeploymentPostprocessing = 0;
		};
		EB7FECA31F0CFB5E0057B030 /* Sources */ = {
			isa = PBXSourcesBuildPhase;
			buildActionMask = 2147483647;
			files = (
				EB7FECAC1F0CFB5E0057B030 /* UberUX_CopiedTests.swift in Sources */,
			);
			runOnlyForDeploymentPostprocessing = 0;
		};
		EB7FECAE1F0CFB5F0057B030 /* Sources */ = {
			isa = PBXSourcesBuildPhase;
			buildActionMask = 2147483647;
			files = (
				EB7FECB71F0CFB5F0057B030 /* UberUX_CopiedUITests.swift in Sources */,
			);
			runOnlyForDeploymentPostprocessing = 0;
		};
/* End PBXSourcesBuildPhase section */

/* Begin PBXTargetDependency section */
		EB7FECA91F0CFB5E0057B030 /* PBXTargetDependency */ = {
			isa = PBXTargetDependency;
			target = EB7FEC921F0CFB5C0057B030 /* UberUX Copied */;
			targetProxy = EB7FECA81F0CFB5E0057B030 /* PBXContainerItemProxy */;
		};
		EB7FECB41F0CFB5F0057B030 /* PBXTargetDependency */ = {
			isa = PBXTargetDependency;
			target = EB7FEC921F0CFB5C0057B030 /* UberUX Copied */;
			targetProxy = EB7FECB31F0CFB5F0057B030 /* PBXContainerItemProxy */;
		};
/* End PBXTargetDependency section */

/* Begin PBXVariantGroup section */
		EB7FEC9A1F0CFB5D0057B030 /* Main.storyboard */ = {
			isa = PBXVariantGroup;
			children = (
				EB7FEC9B1F0CFB5D0057B030 /* Base */,
			);
			name = Main.storyboard;
			sourceTree = "<group>";
		};
		EB7FEC9F1F0CFB5E0057B030 /* LaunchScreen.storyboard */ = {
			isa = PBXVariantGroup;
			children = (
				EB7FECA01F0CFB5E0057B030 /* Base */,
			);
			name = LaunchScreen.storyboard;
			sourceTree = "<group>";
		};
/* End PBXVariantGroup section */

/* Begin XCBuildConfiguration section */
		EB7FECB91F0CFB5F0057B030 /* Debug */ = {
			isa = XCBuildConfiguration;
			buildSettings = {
				ALWAYS_SEARCH_USER_PATHS = NO;
				CLANG_ANALYZER_NONNULL = YES;
				CLANG_ANALYZER_NUMBER_OBJECT_CONVERSION = YES_AGGRESSIVE;
				CLANG_CXX_LANGUAGE_STANDARD = "gnu++0x";
				CLANG_CXX_LIBRARY = "libc++";
				CLANG_ENABLE_MODULES = YES;
				CLANG_ENABLE_OBJC_ARC = YES;
				CLANG_WARN_BOOL_CONVERSION = YES;
				CLANG_WARN_CONSTANT_CONVERSION = YES;
				CLANG_WARN_DIRECT_OBJC_ISA_USAGE = YES_ERROR;
				CLANG_WARN_DOCUMENTATION_COMMENTS = YES;
				CLANG_WARN_EMPTY_BODY = YES;
				CLANG_WARN_ENUM_CONVERSION = YES;
				CLANG_WARN_INFINITE_RECURSION = YES;
				CLANG_WARN_INT_CONVERSION = YES;
				CLANG_WARN_OBJC_ROOT_CLASS = YES_ERROR;
				CLANG_WARN_SUSPICIOUS_MOVE = YES;
				CLANG_WARN_UNREACHABLE_CODE = YES;
				CLANG_WARN__DUPLICATE_METHOD_MATCH = YES;
				"CODE_SIGN_IDENTITY[sdk=iphoneos*]" = "iPhone Developer";
				COPY_PHASE_STRIP = NO;
				DEBUG_INFORMATION_FORMAT = dwarf;
				ENABLE_STRICT_OBJC_MSGSEND = YES;
				ENABLE_TESTABILITY = YES;
				GCC_C_LANGUAGE_STANDARD = gnu99;
				GCC_DYNAMIC_NO_PIC = NO;
				GCC_NO_COMMON_BLOCKS = YES;
				GCC_OPTIMIZATION_LEVEL = 0;
				GCC_PREPROCESSOR_DEFINITIONS = (
					"DEBUG=1",
					"$(inherited)",
				);
				GCC_WARN_64_TO_32_BIT_CONVERSION = YES;
				GCC_WARN_ABOUT_RETURN_TYPE = YES_ERROR;
				GCC_WARN_UNDECLARED_SELECTOR = YES;
				GCC_WARN_UNINITIALIZED_AUTOS = YES_AGGRESSIVE;
				GCC_WARN_UNUSED_FUNCTION = YES;
				GCC_WARN_UNUSED_VARIABLE = YES;
				IPHONEOS_DEPLOYMENT_TARGET = 10.3;
				MTL_ENABLE_DEBUG_INFO = YES;
				ONLY_ACTIVE_ARCH = YES;
				SDKROOT = iphoneos;
				SWIFT_ACTIVE_COMPILATION_CONDITIONS = DEBUG;
				SWIFT_OPTIMIZATION_LEVEL = "-Onone";
				TARGETED_DEVICE_FAMILY = "1,2";
			};
			name = Debug;
		};
		EB7FECBA1F0CFB5F0057B030 /* Release */ = {
			isa = XCBuildConfiguration;
			buildSettings = {
				ALWAYS_SEARCH_USER_PATHS = NO;
				CLANG_ANALYZER_NONNULL = YES;
				CLANG_ANALYZER_NUMBER_OBJECT_CONVERSION = YES_AGGRESSIVE;
				CLANG_CXX_LANGUAGE_STANDARD = "gnu++0x";
				CLANG_CXX_LIBRARY = "libc++";
				CLANG_ENABLE_MODULES = YES;
				CLANG_ENABLE_OBJC_ARC = YES;
				CLANG_WARN_BOOL_CONVERSION = YES;
				CLANG_WARN_CONSTANT_CONVERSION = YES;
				CLANG_WARN_DIRECT_OBJC_ISA_USAGE = YES_ERROR;
				CLANG_WARN_DOCUMENTATION_COMMENTS = YES;
				CLANG_WARN_EMPTY_BODY = YES;
				CLANG_WARN_ENUM_CONVERSION = YES;
				CLANG_WARN_INFINITE_RECURSION = YES;
				CLANG_WARN_INT_CONVERSION = YES;
				CLANG_WARN_OBJC_ROOT_CLASS = YES_ERROR;
				CLANG_WARN_SUSPICIOUS_MOVE = YES;
				CLANG_WARN_UNREACHABLE_CODE = YES;
				CLANG_WARN__DUPLICATE_METHOD_MATCH = YES;
				"CODE_SIGN_IDENTITY[sdk=iphoneos*]" = "iPhone Developer";
				COPY_PHASE_STRIP = NO;
				DEBUG_INFORMATION_FORMAT = "dwarf-with-dsym";
				ENABLE_NS_ASSERTIONS = NO;
				ENABLE_STRICT_OBJC_MSGSEND = YES;
				GCC_C_LANGUAGE_STANDARD = gnu99;
				GCC_NO_COMMON_BLOCKS = YES;
				GCC_WARN_64_TO_32_BIT_CONVERSION = YES;
				GCC_WARN_ABOUT_RETURN_TYPE = YES_ERROR;
				GCC_WARN_UNDECLARED_SELECTOR = YES;
				GCC_WARN_UNINITIALIZED_AUTOS = YES_AGGRESSIVE;
				GCC_WARN_UNUSED_FUNCTION = YES;
				GCC_WARN_UNUSED_VARIABLE = YES;
				IPHONEOS_DEPLOYMENT_TARGET = 10.3;
				MTL_ENABLE_DEBUG_INFO = NO;
				SDKROOT = iphoneos;
				SWIFT_OPTIMIZATION_LEVEL = "-Owholemodule";
				TARGETED_DEVICE_FAMILY = "1,2";
				VALIDATE_PRODUCT = YES;
			};
			name = Release;
		};
		EB7FECBC1F0CFB5F0057B030 /* Debug */ = {
			isa = XCBuildConfiguration;
			buildSettings = {
				ASSETCATALOG_COMPILER_APPICON_NAME = AppIcon;
				DEVELOPMENT_TEAM = UUTE6PZ56K;
				INFOPLIST_FILE = "UberUX Copied/Info.plist";
				LD_RUNPATH_SEARCH_PATHS = "$(inherited) @executable_path/Frameworks";
				PRODUCT_BUNDLE_IDENTIFIER = "none.UberUX-Copied";
				PRODUCT_NAME = "$(TARGET_NAME)";
				SWIFT_VERSION = 3.0;
			};
			name = Debug;
		};
		EB7FECBD1F0CFB5F0057B030 /* Release */ = {
			isa = XCBuildConfiguration;
			buildSettings = {
				ASSETCATALOG_COMPILER_APPICON_NAME = AppIcon;
				DEVELOPMENT_TEAM = UUTE6PZ56K;
				INFOPLIST_FILE = "UberUX Copied/Info.plist";
				LD_RUNPATH_SEARCH_PATHS = "$(inherited) @executable_path/Frameworks";
				PRODUCT_BUNDLE_IDENTIFIER = "none.UberUX-Copied";
				PRODUCT_NAME = "$(TARGET_NAME)";
				SWIFT_VERSION = 3.0;
			};
			name = Release;
		};
		EB7FECBF1F0CFB5F0057B030 /* Debug */ = {
			isa = XCBuildConfiguration;
			buildSettings = {
				ALWAYS_EMBED_SWIFT_STANDARD_LIBRARIES = YES;
				BUNDLE_LOADER = "$(TEST_HOST)";
				DEVELOPMENT_TEAM = UUTE6PZ56K;
				INFOPLIST_FILE = "UberUX CopiedTests/Info.plist";
				LD_RUNPATH_SEARCH_PATHS = "$(inherited) @executable_path/Frameworks @loader_path/Frameworks";
				PRODUCT_BUNDLE_IDENTIFIER = "none.UberUX-CopiedTests";
				PRODUCT_NAME = "$(TARGET_NAME)";
				SWIFT_VERSION = 3.0;
				TEST_HOST = "$(BUILT_PRODUCTS_DIR)/UberUX Copied.app/UberUX Copied";
			};
			name = Debug;
		};
		EB7FECC01F0CFB5F0057B030 /* Release */ = {
			isa = XCBuildConfiguration;
			buildSettings = {
				ALWAYS_EMBED_SWIFT_STANDARD_LIBRARIES = YES;
				BUNDLE_LOADER = "$(TEST_HOST)";
				DEVELOPMENT_TEAM = UUTE6PZ56K;
				INFOPLIST_FILE = "UberUX CopiedTests/Info.plist";
				LD_RUNPATH_SEARCH_PATHS = "$(inherited) @executable_path/Frameworks @loader_path/Frameworks";
				PRODUCT_BUNDLE_IDENTIFIER = "none.UberUX-CopiedTests";
				PRODUCT_NAME = "$(TARGET_NAME)";
				SWIFT_VERSION = 3.0;
				TEST_HOST = "$(BUILT_PRODUCTS_DIR)/UberUX Copied.app/UberUX Copied";
			};
			name = Release;
		};
		EB7FECC21F0CFB5F0057B030 /* Debug */ = {
			isa = XCBuildConfiguration;
			buildSettings = {
				ALWAYS_EMBED_SWIFT_STANDARD_LIBRARIES = YES;
				DEVELOPMENT_TEAM = UUTE6PZ56K;
				INFOPLIST_FILE = "UberUX CopiedUITests/Info.plist";
				LD_RUNPATH_SEARCH_PATHS = "$(inherited) @executable_path/Frameworks @loader_path/Frameworks";
				PRODUCT_BUNDLE_IDENTIFIER = "none.UberUX-CopiedUITests";
				PRODUCT_NAME = "$(TARGET_NAME)";
				SWIFT_VERSION = 3.0;
				TEST_TARGET_NAME = "UberUX Copied";
			};
			name = Debug;
		};
		EB7FECC31F0CFB5F0057B030 /* Release */ = {
			isa = XCBuildConfiguration;
			buildSettings = {
				ALWAYS_EMBED_SWIFT_STANDARD_LIBRARIES = YES;
				DEVELOPMENT_TEAM = UUTE6PZ56K;
				INFOPLIST_FILE = "UberUX CopiedUITests/Info.plist";
				LD_RUNPATH_SEARCH_PATHS = "$(inherited) @executable_path/Frameworks @loader_path/Frameworks";
				PRODUCT_BUNDLE_IDENTIFIER = "none.UberUX-CopiedUITests";
				PRODUCT_NAME = "$(TARGET_NAME)";
				SWIFT_VERSION = 3.0;
				TEST_TARGET_NAME = "UberUX Copied";
			};
			name = Release;
		};
/* End XCBuildConfiguration section */

/* Begin XCConfigurationList section */
		EB7FEC8E1F0CFB5C0057B030 /* Build configuration list for PBXProject "UberUX Copied" */ = {
			isa = XCConfigurationList;
			buildConfigurations = (
				EB7FECB91F0CFB5F0057B030 /* Debug */,
				EB7FECBA1F0CFB5F0057B030 /* Release */,
			);
			defaultConfigurationIsVisible = 0;
			defaultConfigurationName = Release;
		};
		EB7FECBB1F0CFB5F0057B030 /* Build configuration list for PBXNativeTarget "UberUX Copied" */ = {
			isa = XCConfigurationList;
			buildConfigurations = (
				EB7FECBC1F0CFB5F0057B030 /* Debug */,
				EB7FECBD1F0CFB5F0057B030 /* Release */,
			);
			defaultConfigurationIsVisible = 0;
		};
		EB7FECBE1F0CFB5F0057B030 /* Build configuration list for PBXNativeTarget "UberUX CopiedTests" */ = {
			isa = XCConfigurationList;
			buildConfigurations = (
				EB7FECBF1F0CFB5F0057B030 /* Debug */,
				EB7FECC01F0CFB5F0057B030 /* Release */,
			);
			defaultConfigurationIsVisible = 0;
		};
		EB7FECC11F0CFB5F0057B030 /* Build configuration list for PBXNativeTarget "UberUX CopiedUITests" */ = {
			isa = XCConfigurationList;
			buildConfigurations = (
				EB7FECC21F0CFB5F0057B030 /* Debug */,
				EB7FECC31F0CFB5F0057B030 /* Release */,
			);
			defaultConfigurationIsVisible = 0;
		};
/* End XCConfigurationList section */
	};
	rootObject = EB7FEC8B1F0CFB5C0057B030 /* Project object */;
}
